
Microsoft Visual Studio Solution File, Format Version 12.00
# Visual Studio Version 18
VisualStudioVersion = 18.0.11222.15
MinimumVisualStudioVersion = 10.0.40219.1
Project("{FAE04EC0-301F-11D3-BF4B-00C04F79EFBC}") = "Auth_Setup", "Auth_Setup\Auth_Setup.csproj", "{DEE130DE-2558-40B0-9E76-F197FBFCB12F}"
EndProject
Project("{FAE04EC0-301F-11D3-BF4B-00C04F79EFBC}") = "Foundation_Lib", "..\..\Foundation\Foundation\Foundation_Lib\Foundation_Lib.csproj", "{98CFA0B5-AB33-23C4-885F-72D540278246}"
EndProject
Project("{FAE04EC0-301F-11D3-BF4B-00C04F79EFBC}") = "Auth_Lib", "Auth_Lib\Auth_Lib.csproj", "{928071E0-DF30-4DD3-BDA5-71A245D844CD}"
EndProject
Project("{FAE04EC0-301F-11D3-BF4B-00C04F79EFBC}") = "Auth_API", "Auth_API\Auth_API.csproj", "{10391633-7D94-4BCA-8ACB-B56E70F11111}"
EndProject
Project("{FAE04EC0-301F-11D3-BF4B-00C04F79EFBC}") = "Auth_Localization", "Auth_Localization\Auth_Localization.csproj", "{65805457-8C85-4F59-928D-56E18D076CAF}"
EndProject
Project("{FAE04EC0-301F-11D3-BF4B-00C04F79EFBC}") = "API_Gateway", "API_Gateway\API_Gateway.csproj", "{27F1D694-D72C-4839-B1BA-14F235D727EA}"
EndProject
Project("{FAE04EC0-301F-11D3-BF4B-00C04F79EFBC}") = "Auth_UI", "Auth_UI\Auth_UI\Auth_UI.csproj", "{0DD4EA90-4FEE-1E2B-4D91-F5B3F18FDD40}"
EndProject
Project("{FAE04EC0-301F-11D3-BF4B-00C04F79EFBC}") = "Auth_UI.Client", "Auth_UI\Auth_UI.Client\Auth_UI.Client.csproj", "{A6CEFBE4-5040-6C1D-9945-3250DC67665D}"
EndProject
Project("{FAE04EC0-301F-11D3-BF4B-00C04F79EFBC}") = "Auth.AppHost", "Auth.AppHost\Auth.AppHost.csproj", "{74FF34F0-ECF9-4F3B-A5BB-DAA160521AD7}"
EndProject
Project("{FAE04EC0-301F-11D3-BF4B-00C04F79EFBC}") = "Auth.ServiceDefaults", "Auth.ServiceDefaults\Auth.ServiceDefaults.csproj", "{09CA0878-4393-C59E-5EA8-860127AFBB98}"
EndProject
Project("{2150E333-8FDC-42A3-9474-1A3956D46DE8}") = "UI", "UI", "{30EF9F60-463B-4E4D-A2EF-BCD48C1C6005}"
EndProject
Project("{2150E333-8FDC-42A3-9474-1A3956D46DE8}") = "Services", "Services", "{E1E0805F-0C48-4012-8042-AFC4D487378B}"
EndProject
Project("{2150E333-8FDC-42A3-9474-1A3956D46DE8}") = "Database", "Database", "{A2EDDF75-F591-4669-8913-CD2955435C17}"
EndProject
Project("{2150E333-8FDC-42A3-9474-1A3956D46DE8}") = "Shared", "Shared", "{A04F0745-433E-4331-9E80-CFF379A9A8F2}"
EndProject
Project("{2150E333-8FDC-42A3-9474-1A3956D46DE8}") = "src", "src", "{13ECC52D-1DD3-45DF-B303-5D2E9E0C91CC}"
EndProject
Project("{2150E333-8FDC-42A3-9474-1A3956D46DE8}") = "Tests", "Tests", "{2FFA0B31-3471-458B-A4A8-01F71B457358}"
EndProject
Project("{2150E333-8FDC-42A3-9474-1A3956D46DE8}") = "Gateway", "Gateway", "{F05C9366-96FF-46DA-A459-DFEE405F4707}"
EndProject
Project("{2150E333-8FDC-42A3-9474-1A3956D46DE8}") = "Setup", "Setup", "{808D98B0-8F9F-4CF2-9DAF-C95EE1C4741A}"
EndProject
Project("{00D1A9C2-B5F0-4AF3-8072-F6C62B433612}") = "Auth_DB", "Auth_DB\Auth_DB.sqlproj", "{7E042882-7269-4477-8B7F-5AC4505A54B3}"
EndProject
Project("{FAE04EC0-301F-11D3-BF4B-00C04F79EFBC}") = "UserManagement_API", "UserManagement_API\UserManagement_API.csproj", "{5ECB5437-D25D-DF75-A744-D49B07887CAE}"
EndProject
Project("{FAE04EC0-301F-11D3-BF4B-00C04F79EFBC}") = "RolePermission_API", "RolePermission_API\RolePermission_API.csproj", "{C3E70A19-4589-3B45-BC8E-EB85D091073A}"
EndProject
Project("{FAE04EC0-301F-11D3-BF4B-00C04F79EFBC}") = "AuditLog_API", "AuditLog_API\AuditLog_API.csproj", "{2990811C-F2FC-85D1-AF9E-33BAB8522F82}"
EndProject
Global
	GlobalSection(SolutionConfigurationPlatforms) = preSolution
		Debug|Any CPU = Debug|Any CPU
		Release|Any CPU = Release|Any CPU
	EndGlobalSection
	GlobalSection(ProjectConfigurationPlatforms) = postSolution
		{DEE130DE-2558-40B0-9E76-F197FBFCB12F}.Debug|Any CPU.ActiveCfg = Debug|Any CPU
		{DEE130DE-2558-40B0-9E76-F197FBFCB12F}.Debug|Any CPU.Build.0 = Debug|Any CPU
		{DEE130DE-2558-40B0-9E76-F197FBFCB12F}.Release|Any CPU.ActiveCfg = Release|Any CPU
		{DEE130DE-2558-40B0-9E76-F197FBFCB12F}.Release|Any CPU.Build.0 = Release|Any CPU
		{98CFA0B5-AB33-23C4-885F-72D540278246}.Debug|Any CPU.ActiveCfg = Debug|Any CPU
		{98CFA0B5-AB33-23C4-885F-72D540278246}.Debug|Any CPU.Build.0 = Debug|Any CPU
		{98CFA0B5-AB33-23C4-885F-72D540278246}.Release|Any CPU.ActiveCfg = Release|Any CPU
		{98CFA0B5-AB33-23C4-885F-72D540278246}.Release|Any CPU.Build.0 = Release|Any CPU
		{928071E0-DF30-4DD3-BDA5-71A245D844CD}.Debug|Any CPU.ActiveCfg = Debug|Any CPU
		{928071E0-DF30-4DD3-BDA5-71A245D844CD}.Debug|Any CPU.Build.0 = Debug|Any CPU
		{928071E0-DF30-4DD3-BDA5-71A245D844CD}.Release|Any CPU.ActiveCfg = Release|Any CPU
		{928071E0-DF30-4DD3-BDA5-71A245D844CD}.Release|Any CPU.Build.0 = Release|Any CPU
		{10391633-7D94-4BCA-8ACB-B56E70F11111}.Debug|Any CPU.ActiveCfg = Debug|Any CPU
		{10391633-7D94-4BCA-8ACB-B56E70F11111}.Debug|Any CPU.Build.0 = Debug|Any CPU
		{10391633-7D94-4BCA-8ACB-B56E70F11111}.Release|Any CPU.ActiveCfg = Release|Any CPU
		{10391633-7D94-4BCA-8ACB-B56E70F11111}.Release|Any CPU.Build.0 = Release|Any CPU
		{65805457-8C85-4F59-928D-56E18D076CAF}.Debug|Any CPU.ActiveCfg = Debug|Any CPU
		{65805457-8C85-4F59-928D-56E18D076CAF}.Debug|Any CPU.Build.0 = Debug|Any CPU
		{65805457-8C85-4F59-928D-56E18D076CAF}.Release|Any CPU.ActiveCfg = Release|Any CPU
		{65805457-8C85-4F59-928D-56E18D076CAF}.Release|Any CPU.Build.0 = Release|Any CPU
		{27F1D694-D72C-4839-B1BA-14F235D727EA}.Debug|Any CPU.ActiveCfg = Debug|Any CPU
		{27F1D694-D72C-4839-B1BA-14F235D727EA}.Debug|Any CPU.Build.0 = Debug|Any CPU
		{27F1D694-D72C-4839-B1BA-14F235D727EA}.Release|Any CPU.ActiveCfg = Release|Any CPU
		{27F1D694-D72C-4839-B1BA-14F235D727EA}.Release|Any CPU.Build.0 = Release|Any CPU
		{0DD4EA90-4FEE-1E2B-4D91-F5B3F18FDD40}.Debug|Any CPU.ActiveCfg = Debug|Any CPU
		{0DD4EA90-4FEE-1E2B-4D91-F5B3F18FDD40}.Debug|Any CPU.Build.0 = Debug|Any CPU
		{0DD4EA90-4FEE-1E2B-4D91-F5B3F18FDD40}.Release|Any CPU.ActiveCfg = Release|Any CPU
		{0DD4EA90-4FEE-1E2B-4D91-F5B3F18FDD40}.Release|Any CPU.Build.0 = Release|Any CPU
		{A6CEFBE4-5040-6C1D-9945-3250DC67665D}.Debug|Any CPU.ActiveCfg = Debug|Any CPU
		{A6CEFBE4-5040-6C1D-9945-3250DC67665D}.Debug|Any CPU.Build.0 = Debug|Any CPU
		{A6CEFBE4-5040-6C1D-9945-3250DC67665D}.Release|Any CPU.ActiveCfg = Release|Any CPU
		{A6CEFBE4-5040-6C1D-9945-3250DC67665D}.Release|Any CPU.Build.0 = Release|Any CPU
		{74FF34F0-ECF9-4F3B-A5BB-DAA160521AD7}.Debug|Any CPU.ActiveCfg = Debug|Any CPU
		{74FF34F0-ECF9-4F3B-A5BB-DAA160521AD7}.Debug|Any CPU.Build.0 = Debug|Any CPU
		{74FF34F0-ECF9-4F3B-A5BB-DAA160521AD7}.Release|Any CPU.ActiveCfg = Release|Any CPU
		{74FF34F0-ECF9-4F3B-A5BB-DAA160521AD7}.Release|Any CPU.Build.0 = Release|Any CPU
		{09CA0878-4393-C59E-5EA8-860127AFBB98}.Debug|Any CPU.ActiveCfg = Debug|Any CPU
		{09CA0878-4393-C59E-5EA8-860127AFBB98}.Debug|Any CPU.Build.0 = Debug|Any CPU
		{09CA0878-4393-C59E-5EA8-860127AFBB98}.Release|Any CPU.ActiveCfg = Release|Any CPU
		{09CA0878-4393-C59E-5EA8-860127AFBB98}.Release|Any CPU.Build.0 = Release|Any CPU
		{7E042882-7269-4477-8B7F-5AC4505A54B3}.Debug|Any CPU.ActiveCfg = Debug|Any CPU
		{7E042882-7269-4477-8B7F-5AC4505A54B3}.Debug|Any CPU.Build.0 = Debug|Any CPU
		{7E042882-7269-4477-8B7F-5AC4505A54B3}.Debug|Any CPU.Deploy.0 = Debug|Any CPU
		{7E042882-7269-4477-8B7F-5AC4505A54B3}.Release|Any CPU.ActiveCfg = Release|Any CPU
		{7E042882-7269-4477-8B7F-5AC4505A54B3}.Release|Any CPU.Build.0 = Release|Any CPU
		{7E042882-7269-4477-8B7F-5AC4505A54B3}.Release|Any CPU.Deploy.0 = Release|Any CPU
		{5ECB5437-D25D-DF75-A744-D49B07887CAE}.Debug|Any CPU.ActiveCfg = Debug|Any CPU
		{5ECB5437-D25D-DF75-A744-D49B07887CAE}.Debug|Any CPU.Build.0 = Debug|Any CPU
		{5ECB5437-D25D-DF75-A744-D49B07887CAE}.Release|Any CPU.ActiveCfg = Release|Any CPU
		{5ECB5437-D25D-DF75-A744-D49B07887CAE}.Release|Any CPU.Build.0 = Release|Any CPU
		{C3E70A19-4589-3B45-BC8E-EB85D091073A}.Debug|Any CPU.ActiveCfg = Debug|Any CPU
		{C3E70A19-4589-3B45-BC8E-EB85D091073A}.Debug|Any CPU.Build.0 = Debug|Any CPU
		{C3E70A19-4589-3B45-BC8E-EB85D091073A}.Release|Any CPU.ActiveCfg = Release|Any CPU
		{C3E70A19-4589-3B45-BC8E-EB85D091073A}.Release|Any CPU.Build.0 = Release|Any CPU
		{2990811C-F2FC-85D1-AF9E-33BAB8522F82}.Debug|Any CPU.ActiveCfg = Debug|Any CPU
		{2990811C-F2FC-85D1-AF9E-33BAB8522F82}.Debug|Any CPU.Build.0 = Debug|Any CPU
		{2990811C-F2FC-85D1-AF9E-33BAB8522F82}.Release|Any CPU.ActiveCfg = Release|Any CPU
		{2990811C-F2FC-85D1-AF9E-33BAB8522F82}.Release|Any CPU.Build.0 = Release|Any CPU
	EndGlobalSection
	GlobalSection(SolutionProperties) = preSolution
		HideSolutionNode = FALSE
	EndGlobalSection
	GlobalSection(NestedProjects) = preSolution
		{DEE130DE-2558-40B0-9E76-F197FBFCB12F} = {808D98B0-8F9F-4CF2-9DAF-C95EE1C4741A}
		{98CFA0B5-AB33-23C4-885F-72D540278246} = {A04F0745-433E-4331-9E80-CFF379A9A8F2}
		{928071E0-DF30-4DD3-BDA5-71A245D844CD} = {E1E0805F-0C48-4012-8042-AFC4D487378B}
		{10391633-7D94-4BCA-8ACB-B56E70F11111} = {E1E0805F-0C48-4012-8042-AFC4D487378B}
		{65805457-8C85-4F59-928D-56E18D076CAF} = {A04F0745-433E-4331-9E80-CFF379A9A8F2}
		{27F1D694-D72C-4839-B1BA-14F235D727EA} = {F05C9366-96FF-46DA-A459-DFEE405F4707}
		{0DD4EA90-4FEE-1E2B-4D91-F5B3F18FDD40} = {30EF9F60-463B-4E4D-A2EF-BCD48C1C6005}
		{A6CEFBE4-5040-6C1D-9945-3250DC67665D} = {30EF9F60-463B-4E4D-A2EF-BCD48C1C6005}
		{74FF34F0-ECF9-4F3B-A5BB-DAA160521AD7} = {30EF9F60-463B-4E4D-A2EF-BCD48C1C6005}
		{09CA0878-4393-C59E-5EA8-860127AFBB98} = {30EF9F60-463B-4E4D-A2EF-BCD48C1C6005}
		{30EF9F60-463B-4E4D-A2EF-BCD48C1C6005} = {13ECC52D-1DD3-45DF-B303-5D2E9E0C91CC}
		{E1E0805F-0C48-4012-8042-AFC4D487378B} = {13ECC52D-1DD3-45DF-B303-5D2E9E0C91CC}
		{A2EDDF75-F591-4669-8913-CD2955435C17} = {13ECC52D-1DD3-45DF-B303-5D2E9E0C91CC}
		{A04F0745-433E-4331-9E80-CFF379A9A8F2} = {13ECC52D-1DD3-45DF-B303-5D2E9E0C91CC}
		{F05C9366-96FF-46DA-A459-DFEE405F4707} = {13ECC52D-1DD3-45DF-B303-5D2E9E0C91CC}
		{808D98B0-8F9F-4CF2-9DAF-C95EE1C4741A} = {13ECC52D-1DD3-45DF-B303-5D2E9E0C91CC}
		{7E042882-7269-4477-8B7F-5AC4505A54B3} = {A2EDDF75-F591-4669-8913-CD2955435C17}
		{5ECB5437-D25D-DF75-A744-D49B07887CAE} = {E1E0805F-0C48-4012-8042-AFC4D487378B}
		{C3E70A19-4589-3B45-BC8E-EB85D091073A} = {E1E0805F-0C48-4012-8042-AFC4D487378B}
		{2990811C-F2FC-85D1-AF9E-33BAB8522F82} = {E1E0805F-0C48-4012-8042-AFC4D487378B}
	EndGlobalSection
	GlobalSection(ExtensibilityGlobals) = postSolution
		SolutionGuid = {485C0AFC-F18F-44C7-A17B-F389DA86EA6D}
	EndGlobalSection
EndGlobal
